// !$*UTF8*$!
{
	archiveVersion = 1;
	classes = {
	};
	objectVersion = 50;
	objects = {

/* Begin PBXBuildFile section */
		043CC8E62533199500966EDA /* AppDelegate.m in Sources */ = {isa = PBXBuildFile; fileRef = 043CC8E52533199500966EDA /* AppDelegate.m */; };
		043CC8EC2533199500966EDA /* ViewController.m in Sources */ = {isa = PBXBuildFile; fileRef = 043CC8EB2533199500966EDA /* ViewController.m */; };
		043CC8EF2533199500966EDA /* Main.storyboard in Resources */ = {isa = PBXBuildFile; fileRef = 043CC8ED2533199500966EDA /* Main.storyboard */; };
		043CC8F12533199600966EDA /* Assets.xcassets in Resources */ = {isa = PBXBuildFile; fileRef = 043CC8F02533199600966EDA /* Assets.xcassets */; };
		043CC8F42533199600966EDA /* LaunchScreen.storyboard in Resources */ = {isa = PBXBuildFile; fileRef = 043CC8F22533199600966EDA /* LaunchScreen.storyboard */; };
		043CC8F72533199600966EDA /* main.m in Sources */ = {isa = PBXBuildFile; fileRef = 043CC8F62533199600966EDA /* main.m */; };
		0445D2C42533EE9200EFB27F /* HBContentRootVC.m in Sources */ = {isa = PBXBuildFile; fileRef = 0445D2C32533EE9200EFB27F /* HBContentRootVC.m */; };
		8548AC30DAE0DB6FD178F2F3 /* Pods_HBTechnicalSummary.framework in Frameworks */ = {isa = PBXBuildFile; fileRef = 6497E512017258215C7D8434 /* Pods_HBTechnicalSummary.framework */; };
/* End PBXBuildFile section */

/* Begin PBXFileReference section */
		043CC8E12533199500966EDA /* HBTechnicalSummary.app */ = {isa = PBXFileReference; explicitFileType = wrapper.application; includeInIndex = 0; path = HBTechnicalSummary.app; sourceTree = BUILT_PRODUCTS_DIR; };
		043CC8E42533199500966EDA /* AppDelegate.h */ = {isa = PBXFileReference; lastKnownFileType = sourcecode.c.h; path = AppDelegate.h; sourceTree = "<group>"; };
		043CC8E52533199500966EDA /* AppDelegate.m */ = {isa = PBXFileReference; lastKnownFileType = sourcecode.c.objc; path = AppDelegate.m; sourceTree = "<group>"; };
		043CC8EA2533199500966EDA /* ViewController.h */ = {isa = PBXFileReference; lastKnownFileType = sourcecode.c.h; path = ViewController.h; sourceTree = "<group>"; };
		043CC8EB2533199500966EDA /* ViewController.m */ = {isa = PBXFileReference; lastKnownFileType = sourcecode.c.objc; path = ViewController.m; sourceTree = "<group>"; };
		043CC8EE2533199500966EDA /* Base */ = {isa = PBXFileReference; lastKnownFileType = file.storyboard; name = Base; path = Base.lproj/Main.storyboard; sourceTree = "<group>"; };
		043CC8F02533199600966EDA /* Assets.xcassets */ = {isa = PBXFileReference; lastKnownFileType = folder.assetcatalog; path = Assets.xcassets; sourceTree = "<group>"; };
		043CC8F32533199600966EDA /* Base */ = {isa = PBXFileReference; lastKnownFileType = file.storyboard; name = Base; path = Base.lproj/LaunchScreen.storyboard; sourceTree = "<group>"; };
		043CC8F52533199600966EDA /* Info.plist */ = {isa = PBXFileReference; lastKnownFileType = text.plist.xml; path = Info.plist; sourceTree = "<group>"; };
		043CC8F62533199600966EDA /* main.m */ = {isa = PBXFileReference; lastKnownFileType = sourcecode.c.objc; path = main.m; sourceTree = "<group>"; };
		0445D2C22533EE9200EFB27F /* HBContentRootVC.h */ = {isa = PBXFileReference; lastKnownFileType = sourcecode.c.h; path = HBContentRootVC.h; sourceTree = "<group>"; };
		0445D2C32533EE9200EFB27F /* HBContentRootVC.m */ = {isa = PBXFileReference; lastKnownFileType = sourcecode.c.objc; path = HBContentRootVC.m; sourceTree = "<group>"; };
		6497E512017258215C7D8434 /* Pods_HBTechnicalSummary.framework */ = {isa = PBXFileReference; explicitFileType = wrapper.framework; includeInIndex = 0; path = Pods_HBTechnicalSummary.framework; sourceTree = BUILT_PRODUCTS_DIR; };
		7B98CEA86A479BAD3D7FBF47 /* Pods-HBTechnicalSummary.release.xcconfig */ = {isa = PBXFileReference; includeInIndex = 1; lastKnownFileType = text.xcconfig; name = "Pods-HBTechnicalSummary.release.xcconfig"; path = "Target Support Files/Pods-HBTechnicalSummary/Pods-HBTechnicalSummary.release.xcconfig"; sourceTree = "<group>"; };
		C83ACD305A7E3231CB918B5B /* Pods-HBTechnicalSummary.debug.xcconfig */ = {isa = PBXFileReference; includeInIndex = 1; lastKnownFileType = text.xcconfig; name = "Pods-HBTechnicalSummary.debug.xcconfig"; path = "Target Support Files/Pods-HBTechnicalSummary/Pods-HBTechnicalSummary.debug.xcconfig"; sourceTree = "<group>"; };
/* End PBXFileReference section */

/* Begin PBXFrameworksBuildPhase section */
		043CC8DE2533199500966EDA /* Frameworks */ = {
			isa = PBXFrameworksBuildPhase;
			buildActionMask = 2147483647;
			files = (
				8548AC30DAE0DB6FD178F2F3 /* Pods_HBTechnicalSummary.framework in Frameworks */,
			);
			runOnlyForDeploymentPostprocessing = 0;
		};
/* End PBXFrameworksBuildPhase section */

/* Begin PBXGroup section */
		043CC8D82533199500966EDA = {
			isa = PBXGroup;
			children = (
				043CC8E32533199500966EDA /* HBTechnicalSummary */,
				043CC8E22533199500966EDA /* Products */,
				16EDBE1D036638722040C191 /* Pods */,
				496854AC3C695D11DC46A039 /* Frameworks */,
			);
			sourceTree = "<group>";
		};
		043CC8E22533199500966EDA /* Products */ = {
			isa = PBXGroup;
			children = (
				043CC8E12533199500966EDA /* HBTechnicalSummary.app */,
			);
			name = Products;
			sourceTree = "<group>";
		};
		043CC8E32533199500966EDA /* HBTechnicalSummary */ = {
			isa = PBXGroup;
			children = (
				0445D2BE2533EE6600EFB27F /* Content(内容) */,
				043CC8E42533199500966EDA /* AppDelegate.h */,
				043CC8E52533199500966EDA /* AppDelegate.m */,
				043CC8EA2533199500966EDA /* ViewController.h */,
				043CC8EB2533199500966EDA /* ViewController.m */,
				043CC8ED2533199500966EDA /* Main.storyboard */,
				043CC8F02533199600966EDA /* Assets.xcassets */,
				043CC8F22533199600966EDA /* LaunchScreen.storyboard */,
				043CC8F52533199600966EDA /* Info.plist */,
				043CC8F62533199600966EDA /* main.m */,
			);
			path = HBTechnicalSummary;
			sourceTree = "<group>";
		};
		0445D2BE2533EE6600EFB27F /* Content(内容) */ = {
			isa = PBXGroup;
			children = (
				0445D2BF2533EE6600EFB27F /* Controller */,
				0445D2C02533EE6600EFB27F /* Model */,
				0445D2C12533EE6600EFB27F /* View */,
			);
			path = "Content(内容)";
			sourceTree = "<group>";
		};
		0445D2BF2533EE6600EFB27F /* Controller */ = {
			isa = PBXGroup;
			children = (
				0445D2C22533EE9200EFB27F /* HBContentRootVC.h */,
				0445D2C32533EE9200EFB27F /* HBContentRootVC.m */,
			);
			path = Controller;
			sourceTree = "<group>";
		};
		0445D2C02533EE6600EFB27F /* Model */ = {
			isa = PBXGroup;
			children = (
			);
			path = Model;
			sourceTree = "<group>";
		};
		0445D2C12533EE6600EFB27F /* View */ = {
			isa = PBXGroup;
			children = (
			);
			path = View;
			sourceTree = "<group>";
		};
		16EDBE1D036638722040C191 /* Pods */ = {
			isa = PBXGroup;
			children = (
				C83ACD305A7E3231CB918B5B /* Pods-HBTechnicalSummary.debug.xcconfig */,
				7B98CEA86A479BAD3D7FBF47 /* Pods-HBTechnicalSummary.release.xcconfig */,
			);
			path = Pods;
			sourceTree = "<group>";
		};
		496854AC3C695D11DC46A039 /* Frameworks */ = {
			isa = PBXGroup;
			children = (
				6497E512017258215C7D8434 /* Pods_HBTechnicalSummary.framework */,
			);
			name = Frameworks;
			sourceTree = "<group>";
		};
/* End PBXGroup section */

/* Begin PBXNativeTarget section */
		043CC8E02533199500966EDA /* HBTechnicalSummary */ = {
			isa = PBXNativeTarget;
			buildConfigurationList = 043CC8FA2533199600966EDA /* Build configuration list for PBXNativeTarget "HBTechnicalSummary" */;
			buildPhases = (
				07EEA62A4A5B53E7FDBD3EDB /* [CP] Check Pods Manifest.lock */,
				043CC8DD2533199500966EDA /* Sources */,
				043CC8DE2533199500966EDA /* Frameworks */,
				043CC8DF2533199500966EDA /* Resources */,
			);
			buildRules = (
			);
			dependencies = (
			);
			name = HBTechnicalSummary;
			productName = HBTechnicalSummary;
			productReference = 043CC8E12533199500966EDA /* HBTechnicalSummary.app */;
			productType = "com.apple.product-type.application";
		};
/* End PBXNativeTarget section */

/* Begin PBXProject section */
		043CC8D92533199500966EDA /* Project object */ = {
			isa = PBXProject;
			attributes = {
				LastUpgradeCheck = 1130;
				ORGANIZATIONNAME = yanruyu;
				TargetAttributes = {
					043CC8E02533199500966EDA = {
						CreatedOnToolsVersion = 11.3;
					};
				};
			};
			buildConfigurationList = 043CC8DC2533199500966EDA /* Build configuration list for PBXProject "HBTechnicalSummary" */;
			compatibilityVersion = "Xcode 9.3";
			developmentRegion = en;
			hasScannedForEncodings = 0;
			knownRegions = (
				en,
				Base,
			);
			mainGroup = 043CC8D82533199500966EDA;
			productRefGroup = 043CC8E22533199500966EDA /* Products */;
			projectDirPath = "";
			projectRoot = "";
			targets = (
				043CC8E02533199500966EDA /* HBTechnicalSummary */,
			);
		};
/* End PBXProject section */

/* Begin PBXResourcesBuildPhase section */
		043CC8DF2533199500966EDA /* Resources */ = {
			isa = PBXResourcesBuildPhase;
			buildActionMask = 2147483647;
			files = (
				043CC8F42533199600966EDA /* LaunchScreen.storyboard in Resources */,
				043CC8F12533199600966EDA /* Assets.xcassets in Resources */,
				043CC8EF2533199500966EDA /* Main.storyboard in Resources */,
			);
			runOnlyForDeploymentPostprocessing = 0;
		};
/* End PBXResourcesBuildPhase section */

/* Begin PBXShellScriptBuildPhase section */
		07EEA62A4A5B53E7FDBD3EDB /* [CP] Check Pods Manifest.lock */ = {
			isa = PBXShellScriptBuildPhase;
			buildActionMask = 2147483647;
			files = (
			);
			inputFileListPaths = (
			);
			inputPaths = (
				"${PODS_PODFILE_DIR_PATH}/Podfile.lock",
				"${PODS_ROOT}/Manifest.lock",
			);
			name = "[CP] Check Pods Manifest.lock";
			outputFileListPaths = (
			);
			outputPaths = (
				"$(DERIVED_FILE_DIR)/Pods-HBTechnicalSummary-checkManifestLockResult.txt",
			);
			runOnlyForDeploymentPostprocessing = 0;
			shellPath = /bin/sh;
			shellScript = "diff \"${PODS_PODFILE_DIR_PATH}/Podfile.lock\" \"${PODS_ROOT}/Manifest.lock\" > /dev/null\nif [ $? != 0 ] ; then\n    # print error to STDERR\n    echo \"error: The sandbox is not in sync with the Podfile.lock. Run 'pod install' or update your CocoaPods installation.\" >&2\n    exit 1\nfi\n# This output is used by Xcode 'outputs' to avoid re-running this script phase.\necho \"SUCCESS\" > \"${SCRIPT_OUTPUT_FILE_0}\"\n";
			showEnvVarsInLog = 0;
		};
/* End PBXShellScriptBuildPhase section */

/* Begin PBXSourcesBuildPhase section */
		043CC8DD2533199500966EDA /* Sources */ = {
			isa = PBXSourcesBuildPhase;
			buildActionMask = 2147483647;
			files = (
				043CC8EC2533199500966EDA /* ViewController.m in Sources */,
				043CC8E62533199500966EDA /* AppDelegate.m in Sources */,
				0445D2C42533EE9200EFB27F /* HBContentRootVC.m in Sources */,
				043CC8F72533199600966EDA /* main.m in Sources */,
			);
			runOnlyForDeploymentPostprocessing = 0;
		};
/* End PBXSourcesBuildPhase section */

/* Begin PBXVariantGroup section */
		043CC8ED2533199500966EDA /* Main.storyboard */ = {
			isa = PBXVariantGroup;
			children = (
				043CC8EE2533199500966EDA /* Base */,
			);
			name = Main.storyboard;
			sourceTree = "<group>";
		};
		043CC8F22533199600966EDA /* LaunchScreen.storyboard */ = {
			isa = PBXVariantGroup;
			children = (
				043CC8F32533199600966EDA /* Base */,
			);
			name = LaunchScreen.storyboard;
			sourceTree = "<group>";
		};
/* End PBXVariantGroup section */

/* Begin XCBuildConfiguration section */
		043CC8F82533199600966EDA /* Debug */ = {
			isa = XCBuildConfiguration;
			buildSettings = {
				ALWAYS_SEARCH_USER_PATHS = NO;
				CLANG_ANALYZER_NONNULL = YES;
				CLANG_ANALYZER_NUMBER_OBJECT_CONVERSION = YES_AGGRESSIVE;
				CLANG_CXX_LANGUAGE_STANDARD = "gnu++14";
				CLANG_CXX_LIBRARY = "libc++";
				CLANG_ENABLE_MODULES = YES;
				CLANG_ENABLE_OBJC_ARC = YES;
				CLANG_ENABLE_OBJC_WEAK = YES;
				CLANG_WARN_BLOCK_CAPTURE_AUTORELEASING = YES;
				CLANG_WARN_BOOL_CONVERSION = YES;
				CLANG_WARN_COMMA = YES;
				CLANG_WARN_CONSTANT_CONVERSION = YES;
				CLANG_WARN_DEPRECATED_OBJC_IMPLEMENTATIONS = YES;
				CLANG_WARN_DIRECT_OBJC_ISA_USAGE = YES_ERROR;
				CLANG_WARN_DOCUMENTATION_COMMENTS = YES;
				CLANG_WARN_EMPTY_BODY = YES;
				CLANG_WARN_ENUM_CONVERSION = YES;
				CLANG_WARN_INFINITE_RECURSION = YES;
				CLANG_WARN_INT_CONVERSION = YES;
				CLANG_WARN_NON_LITERAL_NULL_CONVERSION = YES;
				CLANG_WARN_OBJC_IMPLICIT_RETAIN_SELF = YES;
				CLANG_WARN_OBJC_LITERAL_CONVERSION = YES;
				CLANG_WARN_OBJC_ROOT_CLASS = YES_ERROR;
				CLANG_WARN_RANGE_LOOP_ANALYSIS = YES;
				CLANG_WARN_STRICT_PROTOTYPES = YES;
				CLANG_WARN_SUSPICIOUS_MOVE = YES;
				CLANG_WARN_UNGUARDED_AVAILABILITY = YES_AGGRESSIVE;
				CLANG_WARN_UNREACHABLE_CODE = YES;
				CLANG_WARN__DUPLICATE_METHOD_MATCH = YES;
				COPY_PHASE_STRIP = NO;
				DEBUG_INFORMATION_FORMAT = dwarf;
				ENABLE_STRICT_OBJC_MSGSEND = YES;
				ENABLE_TESTABILITY = YES;
				GCC_C_LANGUAGE_STANDARD = gnu11;
				GCC_DYNAMIC_NO_PIC = NO;
				GCC_NO_COMMON_BLOCKS = YES;
				GCC_OPTIMIZATION_LEVEL = 0;
				GCC_PREPROCESSOR_DEFINITIONS = (
					"DEBUG=1",
					"$(inherited)",
				);
				GCC_WARN_64_TO_32_BIT_CONVERSION = YES;
				GCC_WARN_ABOUT_RETURN_TYPE = YES_ERROR;
				GCC_WARN_UNDECLARED_SELECTOR = YES;
				GCC_WARN_UNINITIALIZED_AUTOS = YES_AGGRESSIVE;
				GCC_WARN_UNUSED_FUNCTION = YES;
				GCC_WARN_UNUSED_VARIABLE = YES;
				IPHONEOS_DEPLOYMENT_TARGET = 13.2;
				MTL_ENABLE_DEBUG_INFO = INCLUDE_SOURCE;
				MTL_FAST_MATH = YES;
				ONLY_ACTIVE_ARCH = YES;
				SDKROOT = iphoneos;
			};
			name = Debug;
		};
		043CC8F92533199600966EDA /* Release */ = {
			isa = XCBuildConfiguration;
			buildSettings = {
				ALWAYS_SEARCH_USER_PATHS = NO;
				CLANG_ANALYZER_NONNULL = YES;
				CLANG_ANALYZER_NUMBER_OBJECT_CONVERSION = YES_AGGRESSIVE;
				CLANG_CXX_LANGUAGE_STANDARD = "gnu++14";
				CLANG_CXX_LIBRARY = "libc++";
				CLANG_ENABLE_MODULES = YES;
				CLANG_ENABLE_OBJC_ARC = YES;
				CLANG_ENABLE_OBJC_WEAK = YES;
				CLANG_WARN_BLOCK_CAPTURE_AUTORELEASING = YES;
				CLANG_WARN_BOOL_CONVERSION = YES;
				CLANG_WARN_COMMA = YES;
				CLANG_WARN_CONSTANT_CONVERSION = YES;
				CLANG_WARN_DEPRECATED_OBJC_IMPLEMENTATIONS = YES;
				CLANG_WARN_DIRECT_OBJC_ISA_USAGE = YES_ERROR;
				CLANG_WARN_DOCUMENTATION_COMMENTS = YES;
				CLANG_WARN_EMPTY_BODY = YES;
				CLANG_WARN_ENUM_CONVERSION = YES;
				CLANG_WARN_INFINITE_RECURSION = YES;
				CLANG_WARN_INT_CONVERSION = YES;
				CLANG_WARN_NON_LITERAL_NULL_CONVERSION = YES;
				CLANG_WARN_OBJC_IMPLICIT_RETAIN_SELF = YES;
				CLANG_WARN_OBJC_LITERAL_CONVERSION = YES;
				CLANG_WARN_OBJC_ROOT_CLASS = YES_ERROR;
				CLANG_WARN_RANGE_LOOP_ANALYSIS = YES;
				CLANG_WARN_STRICT_PROTOTYPES = YES;
				CLANG_WARN_SUSPICIOUS_MOVE = YES;
				CLANG_WARN_UNGUARDED_AVAILABILITY = YES_AGGRESSIVE;
				CLANG_WARN_UNREACHABLE_CODE = YES;
				CLANG_WARN__DUPLICATE_METHOD_MATCH = YES;
				COPY_PHASE_STRIP = NO;
				DEBUG_INFORMATION_FORMAT = "dwarf-with-dsym";
				ENABLE_NS_ASSERTIONS = NO;
				ENABLE_STRICT_OBJC_MSGSEND = YES;
				GCC_C_LANGUAGE_STANDARD = gnu11;
				GCC_NO_COMMON_BLOCKS = YES;
				GCC_WARN_64_TO_32_BIT_CONVERSION = YES;
				GCC_WARN_ABOUT_RETURN_TYPE = YES_ERROR;
				GCC_WARN_UNDECLARED_SELECTOR = YES;
				GCC_WARN_UNINITIALIZED_AUTOS = YES_AGGRESSIVE;
				GCC_WARN_UNUSED_FUNCTION = YES;
				GCC_WARN_UNUSED_VARIABLE = YES;
				IPHONEOS_DEPLOYMENT_TARGET = 13.2;
				MTL_ENABLE_DEBUG_INFO = NO;
				MTL_FAST_MATH = YES;
				SDKROOT = iphoneos;
				VALIDATE_PRODUCT = YES;
			};
			name = Release;
		};
		043CC8FB2533199600966EDA /* Debug */ = {
			isa = XCBuildConfiguration;
			baseConfigurationReference = C83ACD305A7E3231CB918B5B /* Pods-HBTechnicalSummary.debug.xcconfig */;
			buildSettings = {
				ASSETCATALOG_COMPILER_APPICON_NAME = AppIcon;
				CODE_SIGN_STYLE = Automatic;
				DEVELOPMENT_TEAM = 6KNHHPWG65;
				INFOPLIST_FILE = HBTechnicalSummary/Info.plist;
				LD_RUNPATH_SEARCH_PATHS = (
					"$(inherited)",
					"@executable_path/Frameworks",
				);
				PRODUCT_BUNDLE_IDENTIFIER = com.yanruyu.technicalSummary;
				PRODUCT_NAME = "$(TARGET_NAME)";
				TARGETED_DEVICE_FAMILY = 1;
			};
			name = Debug;
		};
		043CC8FC2533199600966EDA /* Release */ = {
			isa = XCBuildConfiguration;
			baseConfigurationReference = 7B98CEA86A479BAD3D7FBF47 /* Pods-HBTechnicalSummary.release.xcconfig */;
			buildSettings = {
				ASSETCATALOG_COMPILER_APPICON_NAME = AppIcon;
				CODE_SIGN_STYLE = Automatic;
				DEVELOPMENT_TEAM = 6KNHHPWG65;
				INFOPLIST_FILE = HBTechnicalSummary/Info.plist;
				LD_RUNPATH_SEARCH_PATHS = (
					"$(inherited)",
					"@executable_path/Frameworks",
				);
				PRODUCT_BUNDLE_IDENTIFIER = com.yanruyu.technicalSummary;
				PRODUCT_NAME = "$(TARGET_NAME)";
				TARGETED_DEVICE_FAMILY = 1;
			};
			name = Release;
		};
/* End XCBuildConfiguration section */

/* Begin XCConfigurationList section */
		043CC8DC2533199500966EDA /* Build configuration list for PBXProject "HBTechnicalSummary" */ = {
			isa = XCConfigurationList;
			buildConfigurations = (
				043CC8F82533199600966EDA /* Debug */,
				043CC8F92533199600966EDA /* Release */,
			);
			defaultConfigurationIsVisible = 0;
			defaultConfigurationName = Release;
		};
		043CC8FA2533199600966EDA /* Build configuration list for PBXNativeTarget "HBTechnicalSummary" */ = {
			isa = XCConfigurationList;
			buildConfigurations = (
				043CC8FB2533199600966EDA /* Debug */,
				043CC8FC2533199600966EDA /* Release */,
			);
			defaultConfigurationIsVisible = 0;
			defaultConfigurationName = Release;
		};
/* End XCConfigurationList section */
	};
	rootObject = 043CC8D92533199500966EDA /* Project object */;
}
